
Microsoft Visual Studio Solution File, Format Version 12.00
# Visual Studio 2012
Project("{8BC9CEB8-8B4A-11D0-8D11-00A0C91BC942}") = "wasapi", "wasapi\wasapi.vcxproj", "{54ECEBEF-0318-41B6-8B58-0B742AF1CDE9}"
	ProjectSection(ProjectDependencies) = postProject
		{631FF2DA-2A94-48F1-AB0F-E85F7E1BDB15} = {631FF2DA-2A94-48F1-AB0F-E85F7E1BDB15}
	EndProjectSection
EndProject
Project("{8BC9CEB8-8B4A-11D0-8D11-00A0C91BC942}") = "baseclasses", "baseclasses\baseclasses.vcxproj", "{E8A3F6FA-AE1C-4C8E-A0B6-9C8480324EAA}"
EndProject
Project("{8BC9CEB8-8B4A-11D0-8D11-00A0C91BC942}") = "dsnet", "dsnet\dsnet.vcxproj", "{631FF2DA-2A94-48F1-AB0F-E85F7E1BDB15}"
EndProject
Global
	GlobalSection(SolutionConfigurationPlatforms) = preSolution
		Debug|x64 = Debug|x64
		Debug|x86 = Debug|x86
		Release|x64 = Release|x64
		Release|x86 = Release|x86
	EndGlobalSection
	GlobalSection(ProjectConfigurationPlatforms) = postSolution
		{54ECEBEF-0318-41B6-8B58-0B742AF1CDE9}.Debug|x64.ActiveCfg = Debug|x64
		{54ECEBEF-0318-41B6-8B58-0B742AF1CDE9}.Debug|x64.Build.0 = Debug|x64
		{54ECEBEF-0318-41B6-8B58-0B742AF1CDE9}.Debug|x86.ActiveCfg = Debug|Win32
		{54ECEBEF-0318-41B6-8B58-0B742AF1CDE9}.Debug|x86.Build.0 = Debug|Win32
		{54ECEBEF-0318-41B6-8B58-0B742AF1CDE9}.Release|x64.ActiveCfg = Release|x64
		{54ECEBEF-0318-41B6-8B58-0B742AF1CDE9}.Release|x64.Build.0 = Release|x64
		{54ECEBEF-0318-41B6-8B58-0B742AF1CDE9}.Release|x86.ActiveCfg = Release|Win32
		{54ECEBEF-0318-41B6-8B58-0B742AF1CDE9}.Release|x86.Build.0 = Release|Win32
		{E8A3F6FA-AE1C-4C8E-A0B6-9C8480324EAA}.Debug|x64.ActiveCfg = Debug|x64
		{E8A3F6FA-AE1C-4C8E-A0B6-9C8480324EAA}.Debug|x64.Build.0 = Debug|x64
		{E8A3F6FA-AE1C-4C8E-A0B6-9C8480324EAA}.Debug|x86.ActiveCfg = Debug|Win32
		{E8A3F6FA-AE1C-4C8E-A0B6-9C8480324EAA}.Debug|x86.Build.0 = Debug|Win32
		{E8A3F6FA-AE1C-4C8E-A0B6-9C8480324EAA}.Release|x64.ActiveCfg = Release|x64
		{E8A3F6FA-AE1C-4C8E-A0B6-9C8480324EAA}.Release|x64.Build.0 = Release|x64
		{E8A3F6FA-AE1C-4C8E-A0B6-9C8480324EAA}.Release|x86.ActiveCfg = Release|Win32
		{E8A3F6FA-AE1C-4C8E-A0B6-9C8480324EAA}.Release|x86.Build.0 = Release|Win32
		{631FF2DA-2A94-48F1-AB0F-E85F7E1BDB15}.Debug|x64.ActiveCfg = Debug|Win32
		{631FF2DA-2A94-48F1-AB0F-E85F7E1BDB15}.Debug|x86.ActiveCfg = Debug|Win32
		{631FF2DA-2A94-48F1-AB0F-E85F7E1BDB15}.Debug|x86.Build.0 = Debug|Win32
		{631FF2DA-2A94-48F1-AB0F-E85F7E1BDB15}.Release|x64.ActiveCfg = Release|Win32
		{631FF2DA-2A94-48F1-AB0F-E85F7E1BDB15}.Release|x86.ActiveCfg = Release|Win32
		{631FF2DA-2A94-48F1-AB0F-E85F7E1BDB15}.Release|x86.Build.0 = Release|Win32
	EndGlobalSection
	GlobalSection(SolutionProperties) = preSolution
		HideSolutionNode = FALSE
	EndGlobalSection
EndGlobal
