<?xml version="1.0" encoding="utf-8"?>
<Project ToolsVersion="4.0" xmlns="http://schemas.microsoft.com/developer/msbuild/2003">
  <ItemGroup>
    <ClCompile Include="main.cpp" />
    <ClCompile Include="stdafx.cpp" />
    <ClCompile Include="Pin.cpp">
      <Filter>DirectShow</Filter>
    </ClCompile>
    <ClCompile Include="Filter.cpp">
      <Filter>DirectShow</Filter>
    </ClCompile>
    <ClCompile Include="Graph.cpp">
      <Filter>DirectShow</Filter>
    </ClCompile>
    <ClCompile Include="Device.cpp">
      <Filter>WASAPI</Filter>
    </ClCompile>
    <ClCompile Include="DeviceEnumerator.cpp">
      <Filter>WASAPI</Filter>
    </ClCompile>
    <ClCompile Include="DeviceCollection.cpp">
      <Filter>WASAPI</Filter>
    </ClCompile>
    <ClCompile Include="CoInitializer.cpp">
      <Filter>COM</Filter>
    </ClCompile>
    <ClCompile Include="PropertyStore.cpp">
      <Filter>COM</Filter>
    </ClCompile>
    <ClCompile Include="StdoutRenderer.cpp">
      <Filter>DirectShow\Filters</Filter>
    </ClCompile>
    <ClCompile Include="WasapiSource.cpp">
      <Filter>DirectShow\Filters</Filter>
    </ClCompile>
    <ClCompile Include="RtpSource.cpp">
      <Filter>DirectShow\Filters</Filter>
    </ClCompile>
    <ClCompile Include="RtpRenderer.cpp">
      <Filter>DirectShow\Filters</Filter>
    </ClCompile>
    <ClCompile Include="AudioConverter.cpp">
      <Filter>DirectShow\Filters</Filter>
    </ClCompile>
    <ClCompile Include="waveformatex.cpp" />
    <ClCompile Include="WasapiRenderer.cpp">
      <Filter>DirectShow\Filters</Filter>
    </ClCompile>
    <ClCompile Include="Encoding.cpp" />
    <ClCompile Include="Win32Exception.cpp" />
    <ClCompile Include="COMException.cpp">
      <Filter>COM</Filter>
    </ClCompile>
  </ItemGroup>
  <ItemGroup>
    <ClInclude Include="stdafx.h" />
    <ClInclude Include="Pin.h">
      <Filter>DirectShow</Filter>
    </ClInclude>
    <ClInclude Include="Filter.h">
      <Filter>DirectShow</Filter>
    </ClInclude>
    <ClInclude Include="Graph.h">
      <Filter>DirectShow</Filter>
    </ClInclude>
    <ClInclude Include="Device.h">
      <Filter>WASAPI</Filter>
    </ClInclude>
    <ClInclude Include="DeviceEnumerator.h">
      <Filter>WASAPI</Filter>
    </ClInclude>
    <ClInclude Include="DeviceCollection.h">
      <Filter>WASAPI</Filter>
    </ClInclude>
    <ClInclude Include="CoInitializer.h">
      <Filter>COM</Filter>
    </ClInclude>
    <ClInclude Include="PropertyStore.h">
      <Filter>COM</Filter>
    </ClInclude>
    <ClInclude Include="StdoutRenderer.h">
      <Filter>DirectShow\Filters</Filter>
    </ClInclude>
    <ClInclude Include="WasapiSource.h">
      <Filter>DirectShow\Filters</Filter>
    </ClInclude>
    <ClInclude Include="com_iterator.h">
      <Filter>COM</Filter>
    </ClInclude>
    <ClInclude Include="RtpSource.h">
      <Filter>DirectShow\Filters</Filter>
    </ClInclude>
    <ClInclude Include="RtpRenderer.h">
      <Filter>DirectShow\Filters</Filter>
    </ClInclude>
    <ClInclude Include="AudioConverter.h">
      <Filter>DirectShow\Filters</Filter>
    </ClInclude>
    <ClInclude Include="waveformatex.h" />
    <ClInclude Include="WasapiRenderer.h">
      <Filter>DirectShow\Filters</Filter>
    </ClInclude>
    <ClInclude Include="Encoding.h" />
    <ClInclude Include="Win32Exception.h" />
    <ClInclude Include="COMException.h">
      <Filter>COM</Filter>
    </ClInclude>
  </ItemGroup>
  <ItemGroup>
    <Filter Include="DirectShow">
      <UniqueIdentifier>{3556d0e2-4ca5-4292-be63-b652f3522e1b}</UniqueIdentifier>
    </Filter>
    <Filter Include="WASAPI">
      <UniqueIdentifier>{aef0940e-23ba-4ddd-8f76-3e3c820074cc}</UniqueIdentifier>
    </Filter>
    <Filter Include="COM">
      <UniqueIdentifier>{3a73fca7-137d-41dc-a1af-376a94f3cf2e}</UniqueIdentifier>
    </Filter>
    <Filter Include="DirectShow\Filters">
      <UniqueIdentifier>{e5fd2a73-e3d5-4432-939e-056dd4c75344}</UniqueIdentifier>
    </Filter>
  </ItemGroup>
</Project>